
Microsoft Visual Studio Solution File, Format Version 12.00
# Visual Studio Version 17
VisualStudioVersion = 17.2.32526.322
MinimumVisualStudioVersion = 10.0.40219.1
Project("{FAE04EC0-301F-11D3-BF4B-00C04F79EFBC}") = "DeploymentTutorial", "DeploymentTutorial.csproj", "{2FC98611-EBB2-41FD-86CC-7449A25962C8}"
EndProject
Global
	GlobalSection(SolutionConfigurationPlatforms) = preSolution
		Debug|Any CPU = Debug|Any CPU
		Release|Any CPU = Release|Any CPU
	EndGlobalSection
	GlobalSection(ProjectConfigurationPlatforms) = postSolution
		{2FC98611-EBB2-41FD-86CC-7449A25962C8}.Debug|Any CPU.ActiveCfg = Debug|Any CPU
		{2FC98611-EBB2-41FD-86CC-7449A25962C8}.Debug|Any CPU.Build.0 = Debug|Any CPU
		{2FC98611-EBB2-41FD-86CC-7449A25962C8}.Release|Any CPU.ActiveCfg = Release|Any CPU
		{2FC98611-EBB2-41FD-86CC-7449A25962C8}.Release|Any CPU.Build.0 = Release|Any CPU
	EndGlobalSection
	GlobalSection(SolutionProperties) = preSolution
		HideSolutionNode = FALSE
	EndGlobalSection
	GlobalSection(ExtensibilityGlobals) = postSolution
		SolutionGuid = {F0A14E86-964B-4EBA-9448-A04015549FBE}
	EndGlobalSection
EndGlobal
